// !$*UTF8*$!
{
	archiveVersion = 1;
	classes = {
	};
	objectVersion = 46;
	objects = {

/* Begin PBXBuildFile section */
		312BB2670A3853FC65FB3DE6 /* libPods-LiuWangYiNews.a in Frameworks */ = {isa = PBXBuildFile; fileRef = 95F3A900CD141561C4E4AE5E /* libPods-LiuWangYiNews.a */; };
		336E51881E72BB1C006C9422 /* main.m in Sources */ = {isa = PBXBuildFile; fileRef = 336E51871E72BB1C006C9422 /* main.m */; };
		336E518B1E72BB1C006C9422 /* AppDelegate.m in Sources */ = {isa = PBXBuildFile; fileRef = 336E518A1E72BB1C006C9422 /* AppDelegate.m */; };
		336E51911E72BB1C006C9422 /* Main.storyboard in Resources */ = {isa = PBXBuildFile; fileRef = 336E518F1E72BB1C006C9422 /* Main.storyboard */; };
		336E51931E72BB1C006C9422 /* Assets.xcassets in Resources */ = {isa = PBXBuildFile; fileRef = 336E51921E72BB1C006C9422 /* Assets.xcassets */; };
		336E51961E72BB1C006C9422 /* LaunchScreen.storyboard in Resources */ = {isa = PBXBuildFile; fileRef = 336E51941E72BB1C006C9422 /* LaunchScreen.storyboard */; };
		336E51A41E72BDE0006C9422 /* LiuHomeViewController.m in Sources */ = {isa = PBXBuildFile; fileRef = 336E51A11E72BDE0006C9422 /* LiuHomeViewController.m */; };
		336E51A61E72C17E006C9422 /* topic_news.json in Resources */ = {isa = PBXBuildFile; fileRef = 336E51A51E72C17E006C9422 /* topic_news.json */; };
		336E51AA1E72C297006C9422 /* NSArray+reDescriptionAddition.m in Sources */ = {isa = PBXBuildFile; fileRef = 336E51A91E72C297006C9422 /* NSArray+reDescriptionAddition.m */; };
		336E51AD1E72C313006C9422 /* LiuSourceDataModel.m in Sources */ = {isa = PBXBuildFile; fileRef = 336E51AC1E72C313006C9422 /* LiuSourceDataModel.m */; };
		336E51BE1E72C98F006C9422 /* NSArray+LiuAddition.m in Sources */ = {isa = PBXBuildFile; fileRef = 336E51B11E72C98F006C9422 /* NSArray+LiuAddition.m */; };
		336E51BF1E72C98F006C9422 /* NSAttributedString+LiuAddition.m in Sources */ = {isa = PBXBuildFile; fileRef = 336E51B31E72C98F006C9422 /* NSAttributedString+LiuAddition.m */; };
		336E51C01E72C98F006C9422 /* NSObject+LiuAddition.m in Sources */ = {isa = PBXBuildFile; fileRef = 336E51B51E72C98F006C9422 /* NSObject+LiuAddition.m */; };
		336E51C11E72C98F006C9422 /* UIButton+LiuAddition.m in Sources */ = {isa = PBXBuildFile; fileRef = 336E51B71E72C98F006C9422 /* UIButton+LiuAddition.m */; };
		336E51C21E72C98F006C9422 /* UIColor+LiuAdditon.m in Sources */ = {isa = PBXBuildFile; fileRef = 336E51B91E72C98F006C9422 /* UIColor+LiuAdditon.m */; };
		336E51C31E72C98F006C9422 /* UILabel+LiuAddition.m in Sources */ = {isa = PBXBuildFile; fileRef = 336E51BB1E72C98F006C9422 /* UILabel+LiuAddition.m */; };
		336E51C41E72C98F006C9422 /* UIViewController+LiuAddition.m in Sources */ = {isa = PBXBuildFile; fileRef = 336E51BD1E72C98F006C9422 /* UIViewController+LiuAddition.m */; };
		336E51C71E72CD28006C9422 /* LiuNewsCollectionViewCell.m in Sources */ = {isa = PBXBuildFile; fileRef = 336E51C61E72CD28006C9422 /* LiuNewsCollectionViewCell.m */; };
/* End PBXBuildFile section */

/* Begin PBXFileReference section */
		1DDFEC7CA49EEFFB0976990F /* Pods-LiuWangYiNews.debug.xcconfig */ = {isa = PBXFileReference; includeInIndex = 1; lastKnownFileType = text.xcconfig; name = "Pods-LiuWangYiNews.debug.xcconfig"; path = "Pods/Target Support Files/Pods-LiuWangYiNews/Pods-LiuWangYiNews.debug.xcconfig"; sourceTree = "<group>"; };
		336E51831E72BB1C006C9422 /* LiuWangYiNews.app */ = {isa = PBXFileReference; explicitFileType = wrapper.application; includeInIndex = 0; path = LiuWangYiNews.app; sourceTree = BUILT_PRODUCTS_DIR; };
		336E51871E72BB1C006C9422 /* main.m */ = {isa = PBXFileReference; lastKnownFileType = sourcecode.c.objc; path = main.m; sourceTree = "<group>"; };
		336E51891E72BB1C006C9422 /* AppDelegate.h */ = {isa = PBXFileReference; lastKnownFileType = sourcecode.c.h; path = AppDelegate.h; sourceTree = "<group>"; };
		336E518A1E72BB1C006C9422 /* AppDelegate.m */ = {isa = PBXFileReference; lastKnownFileType = sourcecode.c.objc; path = AppDelegate.m; sourceTree = "<group>"; };
		336E51901E72BB1C006C9422 /* Base */ = {isa = PBXFileReference; lastKnownFileType = file.storyboard; name = Base; path = Base.lproj/Main.storyboard; sourceTree = "<group>"; };
		336E51921E72BB1C006C9422 /* Assets.xcassets */ = {isa = PBXFileReference; lastKnownFileType = folder.assetcatalog; path = Assets.xcassets; sourceTree = "<group>"; };
		336E51951E72BB1C006C9422 /* Base */ = {isa = PBXFileReference; lastKnownFileType = file.storyboard; name = Base; path = Base.lproj/LaunchScreen.storyboard; sourceTree = "<group>"; };
		336E51971E72BB1C006C9422 /* Info.plist */ = {isa = PBXFileReference; lastKnownFileType = text.plist.xml; path = Info.plist; sourceTree = "<group>"; };
		336E51A01E72BDE0006C9422 /* LiuHomeViewController.h */ = {isa = PBXFileReference; fileEncoding = 4; lastKnownFileType = sourcecode.c.h; path = LiuHomeViewController.h; sourceTree = "<group>"; };
		336E51A11E72BDE0006C9422 /* LiuHomeViewController.m */ = {isa = PBXFileReference; fileEncoding = 4; lastKnownFileType = sourcecode.c.objc; path = LiuHomeViewController.m; sourceTree = "<group>"; };
		336E51A51E72C17E006C9422 /* topic_news.json */ = {isa = PBXFileReference; fileEncoding = 4; lastKnownFileType = text.json; path = topic_news.json; sourceTree = "<group>"; };
		336E51A81E72C297006C9422 /* NSArray+reDescriptionAddition.h */ = {isa = PBXFileReference; fileEncoding = 4; lastKnownFileType = sourcecode.c.h; path = "NSArray+reDescriptionAddition.h"; sourceTree = "<group>"; };
		336E51A91E72C297006C9422 /* NSArray+reDescriptionAddition.m */ = {isa = PBXFileReference; fileEncoding = 4; lastKnownFileType = sourcecode.c.objc; path = "NSArray+reDescriptionAddition.m"; sourceTree = "<group>"; };
		336E51AB1E72C313006C9422 /* LiuSourceDataModel.h */ = {isa = PBXFileReference; fileEncoding = 4; lastKnownFileType = sourcecode.c.h; path = LiuSourceDataModel.h; sourceTree = "<group>"; };
		336E51AC1E72C313006C9422 /* LiuSourceDataModel.m */ = {isa = PBXFileReference; fileEncoding = 4; lastKnownFileType = sourcecode.c.objc; path = LiuSourceDataModel.m; sourceTree = "<group>"; };
		336E51AF1E72C98F006C9422 /* LiuSysAddition.h */ = {isa = PBXFileReference; fileEncoding = 4; lastKnownFileType = sourcecode.c.h; path = LiuSysAddition.h; sourceTree = "<group>"; };
		336E51B01E72C98F006C9422 /* NSArray+LiuAddition.h */ = {isa = PBXFileReference; fileEncoding = 4; lastKnownFileType = sourcecode.c.h; path = "NSArray+LiuAddition.h"; sourceTree = "<group>"; };
		336E51B11E72C98F006C9422 /* NSArray+LiuAddition.m */ = {isa = PBXFileReference; fileEncoding = 4; lastKnownFileType = sourcecode.c.objc; path = "NSArray+LiuAddition.m"; sourceTree = "<group>"; };
		336E51B21E72C98F006C9422 /* NSAttributedString+LiuAddition.h */ = {isa = PBXFileReference; fileEncoding = 4; lastKnownFileType = sourcecode.c.h; path = "NSAttributedString+LiuAddition.h"; sourceTree = "<group>"; };
		336E51B31E72C98F006C9422 /* NSAttributedString+LiuAddition.m */ = {isa = PBXFileReference; fileEncoding = 4; lastKnownFileType = sourcecode.c.objc; path = "NSAttributedString+LiuAddition.m"; sourceTree = "<group>"; };
		336E51B41E72C98F006C9422 /* NSObject+LiuAddition.h */ = {isa = PBXFileReference; fileEncoding = 4; lastKnownFileType = sourcecode.c.h; path = "NSObject+LiuAddition.h"; sourceTree = "<group>"; };
		336E51B51E72C98F006C9422 /* NSObject+LiuAddition.m */ = {isa = PBXFileReference; fileEncoding = 4; lastKnownFileType = sourcecode.c.objc; path = "NSObject+LiuAddition.m"; sourceTree = "<group>"; };
		336E51B61E72C98F006C9422 /* UIButton+LiuAddition.h */ = {isa = PBXFileReference; fileEncoding = 4; lastKnownFileType = sourcecode.c.h; path = "UIButton+LiuAddition.h"; sourceTree = "<group>"; };
		336E51B71E72C98F006C9422 /* UIButton+LiuAddition.m */ = {isa = PBXFileReference; fileEncoding = 4; lastKnownFileType = sourcecode.c.objc; path = "UIButton+LiuAddition.m"; sourceTree = "<group>"; };
		336E51B81E72C98F006C9422 /* UIColor+LiuAdditon.h */ = {isa = PBXFileReference; fileEncoding = 4; lastKnownFileType = sourcecode.c.h; path = "UIColor+LiuAdditon.h"; sourceTree = "<group>"; };
		336E51B91E72C98F006C9422 /* UIColor+LiuAdditon.m */ = {isa = PBXFileReference; fileEncoding = 4; lastKnownFileType = sourcecode.c.objc; path = "UIColor+LiuAdditon.m"; sourceTree = "<group>"; };
		336E51BA1E72C98F006C9422 /* UILabel+LiuAddition.h */ = {isa = PBXFileReference; fileEncoding = 4; lastKnownFileType = sourcecode.c.h; path = "UILabel+LiuAddition.h"; sourceTree = "<group>"; };
		336E51BB1E72C98F006C9422 /* UILabel+LiuAddition.m */ = {isa = PBXFileReference; fileEncoding = 4; lastKnownFileType = sourcecode.c.objc; path = "UILabel+LiuAddition.m"; sourceTree = "<group>"; };
		336E51BC1E72C98F006C9422 /* UIViewController+LiuAddition.h */ = {isa = PBXFileReference; fileEncoding = 4; lastKnownFileType = sourcecode.c.h; path = "UIViewController+LiuAddition.h"; sourceTree = "<group>"; };
		336E51BD1E72C98F006C9422 /* UIViewController+LiuAddition.m */ = {isa = PBXFileReference; fileEncoding = 4; lastKnownFileType = sourcecode.c.objc; path = "UIViewController+LiuAddition.m"; sourceTree = "<group>"; };
		336E51C51E72CD28006C9422 /* LiuNewsCollectionViewCell.h */ = {isa = PBXFileReference; fileEncoding = 4; lastKnownFileType = sourcecode.c.h; path = LiuNewsCollectionViewCell.h; sourceTree = "<group>"; };
		336E51C61E72CD28006C9422 /* LiuNewsCollectionViewCell.m */ = {isa = PBXFileReference; fileEncoding = 4; lastKnownFileType = sourcecode.c.objc; path = LiuNewsCollectionViewCell.m; sourceTree = "<group>"; };
		95F3A900CD141561C4E4AE5E /* libPods-LiuWangYiNews.a */ = {isa = PBXFileReference; explicitFileType = archive.ar; includeInIndex = 0; path = "libPods-LiuWangYiNews.a"; sourceTree = BUILT_PRODUCTS_DIR; };
		C9E698CEC9FA3096D66F677E /* Pods-LiuWangYiNews.release.xcconfig */ = {isa = PBXFileReference; includeInIndex = 1; lastKnownFileType = text.xcconfig; name = "Pods-LiuWangYiNews.release.xcconfig"; path = "Pods/Target Support Files/Pods-LiuWangYiNews/Pods-LiuWangYiNews.release.xcconfig"; sourceTree = "<group>"; };
/* End PBXFileReference section */

/* Begin PBXFrameworksBuildPhase section */
		336E51801E72BB1C006C9422 /* Frameworks */ = {
			isa = PBXFrameworksBuildPhase;
			buildActionMask = 2147483647;
			files = (
				312BB2670A3853FC65FB3DE6 /* libPods-LiuWangYiNews.a in Frameworks */,
			);
			runOnlyForDeploymentPostprocessing = 0;
		};
/* End PBXFrameworksBuildPhase section */

/* Begin PBXGroup section */
		336E517A1E72BB1C006C9422 = {
			isa = PBXGroup;
			children = (
				336E51851E72BB1C006C9422 /* LiuWangYiNews */,
				336E51841E72BB1C006C9422 /* Products */,
				9C85EF78121C7239A82B269D /* Pods */,
				9FFC54F28786978847E13E4A /* Frameworks */,
			);
			sourceTree = "<group>";
		};
		336E51841E72BB1C006C9422 /* Products */ = {
			isa = PBXGroup;
			children = (
				336E51831E72BB1C006C9422 /* LiuWangYiNews.app */,
			);
			name = Products;
			sourceTree = "<group>";
		};
		336E51851E72BB1C006C9422 /* LiuWangYiNews */ = {
			isa = PBXGroup;
			children = (
				336E51AE1E72C98F006C9422 /* Common */,
				336E51A71E72C289006C9422 /* Tools */,
				336E519D1E72BDE0006C9422 /* Classes */,
				336E51891E72BB1C006C9422 /* AppDelegate.h */,
				336E51A51E72C17E006C9422 /* topic_news.json */,
				336E518A1E72BB1C006C9422 /* AppDelegate.m */,
				336E518F1E72BB1C006C9422 /* Main.storyboard */,
				336E51921E72BB1C006C9422 /* Assets.xcassets */,
				336E51941E72BB1C006C9422 /* LaunchScreen.storyboard */,
				336E51971E72BB1C006C9422 /* Info.plist */,
				336E51861E72BB1C006C9422 /* Supporting Files */,
			);
			path = LiuWangYiNews;
			sourceTree = "<group>";
		};
		336E51861E72BB1C006C9422 /* Supporting Files */ = {
			isa = PBXGroup;
			children = (
				336E51871E72BB1C006C9422 /* main.m */,
			);
			name = "Supporting Files";
			sourceTree = "<group>";
		};
		336E519D1E72BDE0006C9422 /* Classes */ = {
			isa = PBXGroup;
			children = (
				336E519E1E72BDE0006C9422 /* Home */,
			);
			path = Classes;
			sourceTree = "<group>";
		};
		336E519E1E72BDE0006C9422 /* Home */ = {
			isa = PBXGroup;
			children = (
				336E519F1E72BDE0006C9422 /* Controller */,
				336E51A21E72BDE0006C9422 /* Model */,
				336E51A31E72BDE0006C9422 /* Views */,
			);
			path = Home;
			sourceTree = "<group>";
		};
		336E519F1E72BDE0006C9422 /* Controller */ = {
			isa = PBXGroup;
			children = (
				336E51A01E72BDE0006C9422 /* LiuHomeViewController.h */,
				336E51A11E72BDE0006C9422 /* LiuHomeViewController.m */,
			);
			path = Controller;
			sourceTree = "<group>";
		};
		336E51A21E72BDE0006C9422 /* Model */ = {
			isa = PBXGroup;
			children = (
				336E51AB1E72C313006C9422 /* LiuSourceDataModel.h */,
				336E51AC1E72C313006C9422 /* LiuSourceDataModel.m */,
			);
			path = Model;
			sourceTree = "<group>";
		};
		336E51A31E72BDE0006C9422 /* Views */ = {
			isa = PBXGroup;
			children = (
				336E51C51E72CD28006C9422 /* LiuNewsCollectionViewCell.h */,
				336E51C61E72CD28006C9422 /* LiuNewsCollectionViewCell.m */,
			);
			path = Views;
			sourceTree = "<group>";
		};
		336E51A71E72C289006C9422 /* Tools */ = {
			isa = PBXGroup;
			children = (
				336E51A81E72C297006C9422 /* NSArray+reDescriptionAddition.h */,
				336E51A91E72C297006C9422 /* NSArray+reDescriptionAddition.m */,
			);
			name = Tools;
			sourceTree = "<group>";
		};
		336E51AE1E72C98F006C9422 /* Common */ = {
			isa = PBXGroup;
			children = (
				336E51AF1E72C98F006C9422 /* LiuSysAddition.h */,
				336E51B01E72C98F006C9422 /* NSArray+LiuAddition.h */,
				336E51B11E72C98F006C9422 /* NSArray+LiuAddition.m */,
				336E51B21E72C98F006C9422 /* NSAttributedString+LiuAddition.h */,
				336E51B31E72C98F006C9422 /* NSAttributedString+LiuAddition.m */,
				336E51B41E72C98F006C9422 /* NSObject+LiuAddition.h */,
				336E51B51E72C98F006C9422 /* NSObject+LiuAddition.m */,
				336E51B61E72C98F006C9422 /* UIButton+LiuAddition.h */,
				336E51B71E72C98F006C9422 /* UIButton+LiuAddition.m */,
				336E51B81E72C98F006C9422 /* UIColor+LiuAdditon.h */,
				336E51B91E72C98F006C9422 /* UIColor+LiuAdditon.m */,
				336E51BA1E72C98F006C9422 /* UILabel+LiuAddition.h */,
				336E51BB1E72C98F006C9422 /* UILabel+LiuAddition.m */,
				336E51BC1E72C98F006C9422 /* UIViewController+LiuAddition.h */,
				336E51BD1E72C98F006C9422 /* UIViewController+LiuAddition.m */,
			);
			path = Common;
			sourceTree = "<group>";
		};
		9C85EF78121C7239A82B269D /* Pods */ = {
			isa = PBXGroup;
			children = (
				1DDFEC7CA49EEFFB0976990F /* Pods-LiuWangYiNews.debug.xcconfig */,
				C9E698CEC9FA3096D66F677E /* Pods-LiuWangYiNews.release.xcconfig */,
			);
			name = Pods;
			sourceTree = "<group>";
		};
		9FFC54F28786978847E13E4A /* Frameworks */ = {
			isa = PBXGroup;
			children = (
				95F3A900CD141561C4E4AE5E /* libPods-LiuWangYiNews.a */,
			);
			name = Frameworks;
			sourceTree = "<group>";
		};
/* End PBXGroup section */

/* Begin PBXNativeTarget section */
		336E51821E72BB1C006C9422 /* LiuWangYiNews */ = {
			isa = PBXNativeTarget;
			buildConfigurationList = 336E519A1E72BB1C006C9422 /* Build configuration list for PBXNativeTarget "LiuWangYiNews" */;
			buildPhases = (
				FB029913226F32294316F749 /* [CP] Check Pods Manifest.lock */,
				336E517F1E72BB1C006C9422 /* Sources */,
				336E51801E72BB1C006C9422 /* Frameworks */,
				336E51811E72BB1C006C9422 /* Resources */,
				83FA852E143D30DFD071A46C /* [CP] Embed Pods Frameworks */,
				16B26F2E4F6FC8B2387BE39F /* [CP] Copy Pods Resources */,
			);
			buildRules = (
			);
			dependencies = (
			);
			name = LiuWangYiNews;
			productName = LiuWangYiNews;
			productReference = 336E51831E72BB1C006C9422 /* LiuWangYiNews.app */;
			productType = "com.apple.product-type.application";
		};
/* End PBXNativeTarget section */

/* Begin PBXProject section */
		336E517B1E72BB1C006C9422 /* Project object */ = {
			isa = PBXProject;
			attributes = {
				LastUpgradeCheck = 0820;
				ORGANIZATIONNAME = "刘晓晨";
				TargetAttributes = {
					336E51821E72BB1C006C9422 = {
						CreatedOnToolsVersion = 8.2.1;
						ProvisioningStyle = Automatic;
					};
				};
			};
			buildConfigurationList = 336E517E1E72BB1C006C9422 /* Build configuration list for PBXProject "LiuWangYiNews" */;
			compatibilityVersion = "Xcode 3.2";
			developmentRegion = English;
			hasScannedForEncodings = 0;
			knownRegions = (
				en,
				Base,
			);
			mainGroup = 336E517A1E72BB1C006C9422;
			productRefGroup = 336E51841E72BB1C006C9422 /* Products */;
			projectDirPath = "";
			projectRoot = "";
			targets = (
				336E51821E72BB1C006C9422 /* LiuWangYiNews */,
			);
		};
/* End PBXProject section */

/* Begin PBXResourcesBuildPhase section */
		336E51811E72BB1C006C9422 /* Resources */ = {
			isa = PBXResourcesBuildPhase;
			buildActionMask = 2147483647;
			files = (
				336E51961E72BB1C006C9422 /* LaunchScreen.storyboard in Resources */,
				336E51931E72BB1C006C9422 /* Assets.xcassets in Resources */,
				336E51A61E72C17E006C9422 /* topic_news.json in Resources */,
				336E51911E72BB1C006C9422 /* Main.storyboard in Resources */,
			);
			runOnlyForDeploymentPostprocessing = 0;
		};
/* End PBXResourcesBuildPhase section */

/* Begin PBXShellScriptBuildPhase section */
		16B26F2E4F6FC8B2387BE39F /* [CP] Copy Pods Resources */ = {
			isa = PBXShellScriptBuildPhase;
			buildActionMask = 2147483647;
			files = (
			);
			inputPaths = (
			);
			name = "[CP] Copy Pods Resources";
			outputPaths = (
			);
			runOnlyForDeploymentPostprocessing = 0;
			shellPath = /bin/sh;
			shellScript = "\"${SRCROOT}/Pods/Target Support Files/Pods-LiuWangYiNews/Pods-LiuWangYiNews-resources.sh\"\n";
			showEnvVarsInLog = 0;
		};
		83FA852E143D30DFD071A46C /* [CP] Embed Pods Frameworks */ = {
			isa = PBXShellScriptBuildPhase;
			buildActionMask = 2147483647;
			files = (
			);
			inputPaths = (
			);
			name = "[CP] Embed Pods Frameworks";
			outputPaths = (
			);
			runOnlyForDeploymentPostprocessing = 0;
			shellPath = /bin/sh;
			shellScript = "\"${SRCROOT}/Pods/Target Support Files/Pods-LiuWangYiNews/Pods-LiuWangYiNews-frameworks.sh\"\n";
			showEnvVarsInLog = 0;
		};
		FB029913226F32294316F749 /* [CP] Check Pods Manifest.lock */ = {
			isa = PBXShellScriptBuildPhase;
			buildActionMask = 2147483647;
			files = (
			);
			inputPaths = (
			);
			name = "[CP] Check Pods Manifest.lock";
			outputPaths = (
			);
			runOnlyForDeploymentPostprocessing = 0;
			shellPath = /bin/sh;
			shellScript = "diff \"${PODS_ROOT}/../Podfile.lock\" \"${PODS_ROOT}/Manifest.lock\" > /dev/null\nif [ $? != 0 ] ; then\n    # print error to STDERR\n    echo \"error: The sandbox is not in sync with the Podfile.lock. Run 'pod install' or update your CocoaPods installation.\" >&2\n    exit 1\nfi\n";
			showEnvVarsInLog = 0;
		};
/* End PBXShellScriptBuildPhase section */

/* Begin PBXSourcesBuildPhase section */
		336E517F1E72BB1C006C9422 /* Sources */ = {
			isa = PBXSourcesBuildPhase;
			buildActionMask = 2147483647;
			files = (
				336E51C31E72C98F006C9422 /* UILabel+LiuAddition.m in Sources */,
				336E51A41E72BDE0006C9422 /* LiuHomeViewController.m in Sources */,
				336E51BF1E72C98F006C9422 /* NSAttributedString+LiuAddition.m in Sources */,
				336E51C21E72C98F006C9422 /* UIColor+LiuAdditon.m in Sources */,
				336E51C01E72C98F006C9422 /* NSObject+LiuAddition.m in Sources */,
				336E51BE1E72C98F006C9422 /* NSArray+LiuAddition.m in Sources */,
				336E51C11E72C98F006C9422 /* UIButton+LiuAddition.m in Sources */,
				336E51C71E72CD28006C9422 /* LiuNewsCollectionViewCell.m in Sources */,
				336E51AA1E72C297006C9422 /* NSArray+reDescriptionAddition.m in Sources */,
				336E51AD1E72C313006C9422 /* LiuSourceDataModel.m in Sources */,
				336E518B1E72BB1C006C9422 /* AppDelegate.m in Sources */,
				336E51881E72BB1C006C9422 /* main.m in Sources */,
				336E51C41E72C98F006C9422 /* UIViewController+LiuAddition.m in Sources */,
			);
			runOnlyForDeploymentPostprocessing = 0;
		};
/* End PBXSourcesBuildPhase section */

/* Begin PBXVariantGroup section */
		336E518F1E72BB1C006C9422 /* Main.storyboard */ = {
			isa = PBXVariantGroup;
			children = (
				336E51901E72BB1C006C9422 /* Base */,
			);
			name = Main.storyboard;
			sourceTree = "<group>";
		};
		336E51941E72BB1C006C9422 /* LaunchScreen.storyboard */ = {
			isa = PBXVariantGroup;
			children = (
				336E51951E72BB1C006C9422 /* Base */,
			);
			name = LaunchScreen.storyboard;
			sourceTree = "<group>";
		};
/* End PBXVariantGroup section */

/* Begin XCBuildConfiguration section */
		336E51981E72BB1C006C9422 /* Debug */ = {
			isa = XCBuildConfiguration;
			buildSettings = {
				ALWAYS_SEARCH_USER_PATHS = NO;
				CLANG_ANALYZER_NONNULL = YES;
				CLANG_CXX_LANGUAGE_STANDARD = "gnu++0x";
				CLANG_CXX_LIBRARY = "libc++";
				CLANG_ENABLE_MODULES = YES;
				CLANG_ENABLE_OBJC_ARC = YES;
				CLANG_WARN_BOOL_CONVERSION = YES;
				CLANG_WARN_CONSTANT_CONVERSION = YES;
				CLANG_WARN_DIRECT_OBJC_ISA_USAGE = YES_ERROR;
				CLANG_WARN_DOCUMENTATION_COMMENTS = YES;
				CLANG_WARN_EMPTY_BODY = YES;
				CLANG_WARN_ENUM_CONVERSION = YES;
				CLANG_WARN_INFINITE_RECURSION = YES;
				CLANG_WARN_INT_CONVERSION = YES;
				CLANG_WARN_OBJC_ROOT_CLASS = YES_ERROR;
				CLANG_WARN_SUSPICIOUS_MOVE = YES;
				CLANG_WARN_UNREACHABLE_CODE = YES;
				CLANG_WARN__DUPLICATE_METHOD_MATCH = YES;
				"CODE_SIGN_IDENTITY[sdk=iphoneos*]" = "iPhone Developer";
				COPY_PHASE_STRIP = NO;
				DEBUG_INFORMATION_FORMAT = dwarf;
				ENABLE_STRICT_OBJC_MSGSEND = YES;
				ENABLE_TESTABILITY = YES;
				GCC_C_LANGUAGE_STANDARD = gnu99;
				GCC_DYNAMIC_NO_PIC = NO;
				GCC_NO_COMMON_BLOCKS = YES;
				GCC_OPTIMIZATION_LEVEL = 0;
				GCC_PREPROCESSOR_DEFINITIONS = (
					"DEBUG=1",
					"$(inherited)",
				);
				GCC_WARN_64_TO_32_BIT_CONVERSION = YES;
				GCC_WARN_ABOUT_RETURN_TYPE = YES_ERROR;
				GCC_WARN_UNDECLARED_SELECTOR = YES;
				GCC_WARN_UNINITIALIZED_AUTOS = YES_AGGRESSIVE;
				GCC_WARN_UNUSED_FUNCTION = YES;
				GCC_WARN_UNUSED_VARIABLE = YES;
				IPHONEOS_DEPLOYMENT_TARGET = 10.2;
				MTL_ENABLE_DEBUG_INFO = YES;
				ONLY_ACTIVE_ARCH = YES;
				SDKROOT = iphoneos;
			};
			name = Debug;
		};
		336E51991E72BB1C006C9422 /* Release */ = {
			isa = XCBuildConfiguration;
			buildSettings = {
				ALWAYS_SEARCH_USER_PATHS = NO;
				CLANG_ANALYZER_NONNULL = YES;
				CLANG_CXX_LANGUAGE_STANDARD = "gnu++0x";
				CLANG_CXX_LIBRARY = "libc++";
				CLANG_ENABLE_MODULES = YES;
				CLANG_ENABLE_OBJC_ARC = YES;
				CLANG_WARN_BOOL_CONVERSION = YES;
				CLANG_WARN_CONSTANT_CONVERSION = YES;
				CLANG_WARN_DIRECT_OBJC_ISA_USAGE = YES_ERROR;
				CLANG_WARN_DOCUMENTATION_COMMENTS = YES;
				CLANG_WARN_EMPTY_BODY = YES;
				CLANG_WARN_ENUM_CONVERSION = YES;
				CLANG_WARN_INFINITE_RECURSION = YES;
				CLANG_WARN_INT_CONVERSION = YES;
				CLANG_WARN_OBJC_ROOT_CLASS = YES_ERROR;
				CLANG_WARN_SUSPICIOUS_MOVE = YES;
				CLANG_WARN_UNREACHABLE_CODE = YES;
				CLANG_WARN__DUPLICATE_METHOD_MATCH = YES;
				"CODE_SIGN_IDENTITY[sdk=iphoneos*]" = "iPhone Developer";
				COPY_PHASE_STRIP = NO;
				DEBUG_INFORMATION_FORMAT = "dwarf-with-dsym";
				ENABLE_NS_ASSERTIONS = NO;
				ENABLE_STRICT_OBJC_MSGSEND = YES;
				GCC_C_LANGUAGE_STANDARD = gnu99;
				GCC_NO_COMMON_BLOCKS = YES;
				GCC_WARN_64_TO_32_BIT_CONVERSION = YES;
				GCC_WARN_ABOUT_RETURN_TYPE = YES_ERROR;
				GCC_WARN_UNDECLARED_SELECTOR = YES;
				GCC_WARN_UNINITIALIZED_AUTOS = YES_AGGRESSIVE;
				GCC_WARN_UNUSED_FUNCTION = YES;
				GCC_WARN_UNUSED_VARIABLE = YES;
				IPHONEOS_DEPLOYMENT_TARGET = 10.2;
				MTL_ENABLE_DEBUG_INFO = NO;
				SDKROOT = iphoneos;
				VALIDATE_PRODUCT = YES;
			};
			name = Release;
		};
		336E519B1E72BB1C006C9422 /* Debug */ = {
			isa = XCBuildConfiguration;
			baseConfigurationReference = 1DDFEC7CA49EEFFB0976990F /* Pods-LiuWangYiNews.debug.xcconfig */;
			buildSettings = {
				ASSETCATALOG_COMPILER_APPICON_NAME = AppIcon;
				INFOPLIST_FILE = LiuWangYiNews/Info.plist;
				IPHONEOS_DEPLOYMENT_TARGET = 9.0;
				LD_RUNPATH_SEARCH_PATHS = "$(inherited) @executable_path/Frameworks";
				PRODUCT_BUNDLE_IDENTIFIER = liuxiaochen.LiuWangYiNews;
				PRODUCT_NAME = "$(TARGET_NAME)";
			};
			name = Debug;
		};
		336E519C1E72BB1C006C9422 /* Release */ = {
			isa = XCBuildConfiguration;
			baseConfigurationReference = C9E698CEC9FA3096D66F677E /* Pods-LiuWangYiNews.release.xcconfig */;
			buildSettings = {
				ASSETCATALOG_COMPILER_APPICON_NAME = AppIcon;
				INFOPLIST_FILE = LiuWangYiNews/Info.plist;
				IPHONEOS_DEPLOYMENT_TARGET = 9.0;
				LD_RUNPATH_SEARCH_PATHS = "$(inherited) @executable_path/Frameworks";
				PRODUCT_BUNDLE_IDENTIFIER = liuxiaochen.LiuWangYiNews;
				PRODUCT_NAME = "$(TARGET_NAME)";
			};
			name = Release;
		};
/* End XCBuildConfiguration section */

/* Begin XCConfigurationList section */
		336E517E1E72BB1C006C9422 /* Build configuration list for PBXProject "LiuWangYiNews" */ = {
			isa = XCConfigurationList;
			buildConfigurations = (
				336E51981E72BB1C006C9422 /* Debug */,
				336E51991E72BB1C006C9422 /* Release */,
			);
			defaultConfigurationIsVisible = 0;
			defaultConfigurationName = Release;
		};
		336E519A1E72BB1C006C9422 /* Build configuration list for PBXNativeTarget "LiuWangYiNews" */ = {
			isa = XCConfigurationList;
			buildConfigurations = (
				336E519B1E72BB1C006C9422 /* Debug */,
				336E519C1E72BB1C006C9422 /* Release */,
			);
			defaultConfigurationIsVisible = 0;
			defaultConfigurationName = Release;
		};
/* End XCConfigurationList section */
	};
	rootObject = 336E517B1E72BB1C006C9422 /* Project object */;
}
